
Microsoft Visual Studio Solution File, Format Version 12.00
# Visual Studio Version 16
VisualStudioVersion = 16.0.31105.61
MinimumVisualStudioVersion = 10.0.40219.1
Project("{9A19103F-16F7-4668-BE54-9A1E7A4F7556}") = "Entidades", "Entidades\Entidades.csproj", "{065B7E07-822B-4ACA-8308-27C874D3F273}"
EndProject
Project("{9A19103F-16F7-4668-BE54-9A1E7A4F7556}") = "Test", "Test\Test.csproj", "{A8BB3472-D0F2-475E-9CCB-F5EBD53BB1C5}"
EndProject
Project("{FAE04EC0-301F-11D3-BF4B-00C04F79EFBC}") = "IngresoProductos", "IngresoProductos\IngresoProductos.csproj", "{B0DCC058-8700-4528-8F65-005A4CBE7BC3}"
EndProject
Global
	GlobalSection(SolutionConfigurationPlatforms) = preSolution
		Debug|Any CPU = Debug|Any CPU
		Release|Any CPU = Release|Any CPU
	EndGlobalSection
	GlobalSection(ProjectConfigurationPlatforms) = postSolution
		{065B7E07-822B-4ACA-8308-27C874D3F273}.Debug|Any CPU.ActiveCfg = Debug|Any CPU
		{065B7E07-822B-4ACA-8308-27C874D3F273}.Debug|Any CPU.Build.0 = Debug|Any CPU
		{065B7E07-822B-4ACA-8308-27C874D3F273}.Release|Any CPU.ActiveCfg = Release|Any CPU
		{065B7E07-822B-4ACA-8308-27C874D3F273}.Release|Any CPU.Build.0 = Release|Any CPU
		{A8BB3472-D0F2-475E-9CCB-F5EBD53BB1C5}.Debug|Any CPU.ActiveCfg = Debug|Any CPU
		{A8BB3472-D0F2-475E-9CCB-F5EBD53BB1C5}.Debug|Any CPU.Build.0 = Debug|Any CPU
		{A8BB3472-D0F2-475E-9CCB-F5EBD53BB1C5}.Release|Any CPU.ActiveCfg = Release|Any CPU
		{A8BB3472-D0F2-475E-9CCB-F5EBD53BB1C5}.Release|Any CPU.Build.0 = Release|Any CPU
		{B0DCC058-8700-4528-8F65-005A4CBE7BC3}.Debug|Any CPU.ActiveCfg = Debug|Any CPU
		{B0DCC058-8700-4528-8F65-005A4CBE7BC3}.Debug|Any CPU.Build.0 = Debug|Any CPU
		{B0DCC058-8700-4528-8F65-005A4CBE7BC3}.Release|Any CPU.ActiveCfg = Release|Any CPU
		{B0DCC058-8700-4528-8F65-005A4CBE7BC3}.Release|Any CPU.Build.0 = Release|Any CPU
	EndGlobalSection
	GlobalSection(SolutionProperties) = preSolution
		HideSolutionNode = FALSE
	EndGlobalSection
	GlobalSection(ExtensibilityGlobals) = postSolution
		SolutionGuid = {5838DCFA-7BFD-48E1-BD91-D09DEB404A61}
	EndGlobalSection
EndGlobal
